
Microsoft Visual Studio Solution File, Format Version 12.00
# Visual Studio Version 17
VisualStudioVersion = 17.11.35327.3
MinimumVisualStudioVersion = 10.0.40219.1
Project("{2150E333-8FDC-42A3-9474-1A3956D46DE8}") = "Task0", "Task0", "{48F08109-FD23-41DB-8B13-F6889579A75B}"
EndProject
Project("{FAE04EC0-301F-11D3-BF4B-00C04F79EFBC}") = "Tyuiu.ShanginAA.Sprint3.Task0.V24", "Tyuiu.ShanginAA.Sprint3.Task0.V24\Tyuiu.ShanginAA.Sprint3.Task0.V24.csproj", "{624750B3-D652-4621-BB83-8B119370CA25}"
EndProject
Project("{FAE04EC0-301F-11D3-BF4B-00C04F79EFBC}") = "Tyuiu.ShanginAA.Sprint3.Task0.V24.Lib", "Tyuiu.ShanginAA.Sprint3.Task0.V24.Lib\Tyuiu.ShanginAA.Sprint3.Task0.V24.Lib.csproj", "{202FB536-B383-4CCA-8DCC-718D811D404F}"
EndProject
Project("{FAE04EC0-301F-11D3-BF4B-00C04F79EFBC}") = "Tyuiu.ShanginAA.Sprint3.Task0.V24.Test", "Tyuiu.ShanginAA.Sprint3.Task0.V24.Test\Tyuiu.ShanginAA.Sprint3.Task0.V24.Test.csproj", "{39375C9C-64A5-4C55-A0D6-A2E26EF26EDB}"
EndProject
Project("{2150E333-8FDC-42A3-9474-1A3956D46DE8}") = "Task1", "Task1", "{C0A4957F-93E1-4028-A56E-12956C7C67D4}"
EndProject
Project("{FAE04EC0-301F-11D3-BF4B-00C04F79EFBC}") = "Tyuiu.ShanginAA.Sprint3.Task1.V20", "Tyuiu.ShanginAA.Sprint3.Task1.V20\Tyuiu.ShanginAA.Sprint3.Task1.V20.csproj", "{67F2BF52-DBFC-4136-8BF0-1AA7BED3AB13}"
EndProject
Project("{FAE04EC0-301F-11D3-BF4B-00C04F79EFBC}") = "Tyuiu.ShanginAA.Sprint3.Task1.V20.Lib", "Tyuiu.ShanginAA.Sprint3.Task1.V20.Lib\Tyuiu.ShanginAA.Sprint3.Task1.V20.Lib.csproj", "{F9F00F54-2708-4CF6-8D8E-A70E2A187410}"
EndProject
Project("{FAE04EC0-301F-11D3-BF4B-00C04F79EFBC}") = "Tyuiu.ShanginAA.Sprint3.Task1.V20.Test", "Tyuiu.ShanginAA.Sprint3.Task1.V20.Test\Tyuiu.ShanginAA.Sprint3.Task1.V20.Test.csproj", "{A5F34B51-D723-47DB-9CD3-F72CA5DBBD27}"
EndProject
Project("{2150E333-8FDC-42A3-9474-1A3956D46DE8}") = "Task2", "Task2", "{168461B6-9374-420D-80B7-A00746567CA7}"
EndProject
Project("{FAE04EC0-301F-11D3-BF4B-00C04F79EFBC}") = "Tyuiu.ShanginAA.Sprint3.Task2.V23", "Tyuiu.ShanginAA.Sprint3.Task2.V23\Tyuiu.ShanginAA.Sprint3.Task2.V23.csproj", "{1C9D1B2D-F0E5-404C-819F-1E4CAFE08539}"
EndProject
Project("{FAE04EC0-301F-11D3-BF4B-00C04F79EFBC}") = "Tyuiu.ShanginAA.Sprint3.Task2.V23.Lib", "Tyuiu.ShanginAA.Sprint3.Task2.V23.Lib\Tyuiu.ShanginAA.Sprint3.Task2.V23.Lib.csproj", "{D2F0D6E5-9342-4B32-9F26-3F4A2A86BF9C}"
EndProject
Project("{FAE04EC0-301F-11D3-BF4B-00C04F79EFBC}") = "Tyuiu.ShanginAA.Sprint3.Task2.V23.Test", "Tyuiu.ShanginAA.Sprint3.Task2.V23.Test\Tyuiu.ShanginAA.Sprint3.Task2.V23.Test.csproj", "{CF0AFE3E-A0E9-4ACF-9FB1-99439A53D0BB}"
EndProject
Project("{2150E333-8FDC-42A3-9474-1A3956D46DE8}") = "Task3", "Task3", "{FA696DD4-B903-4B46-ACCF-9F1B2C01AA45}"
EndProject
Project("{FAE04EC0-301F-11D3-BF4B-00C04F79EFBC}") = "Tyuiu.ShanginAA.Sprint3.Task3.V20", "Tyuiu.ShanginAA.Sprint3.Task3.V20\Tyuiu.ShanginAA.Sprint3.Task3.V20.csproj", "{D342CD11-505D-438C-A13C-33C71B15B0A1}"
EndProject
Project("{FAE04EC0-301F-11D3-BF4B-00C04F79EFBC}") = "Tyuiu.ShanginAA.Sprint3.Task3.V20.Lib", "Tyuiu.ShanginAA.Sprint3.Task3.V20.Lib\Tyuiu.ShanginAA.Sprint3.Task3.V20.Lib.csproj", "{40A1C015-C9EC-4ACE-8250-98DCCF75420D}"
EndProject
Project("{FAE04EC0-301F-11D3-BF4B-00C04F79EFBC}") = "Tyuiu.ShanginAA.Sprint3.Task3.V20.Test", "Tyuiu.ShanginAA.Sprint3.Task3.V20.Test\Tyuiu.ShanginAA.Sprint3.Task3.V20.Test.csproj", "{4606F9A6-C794-485D-A724-33B1ADC41E2D}"
EndProject
Project("{2150E333-8FDC-42A3-9474-1A3956D46DE8}") = "Task4", "Task4", "{4348827D-1C7C-4089-A975-91BDB38A785B}"
EndProject
Project("{FAE04EC0-301F-11D3-BF4B-00C04F79EFBC}") = "Tyuiu.ShanginAA.Sprint3.Task4.V30", "Tyuiu.ShanginAA.Sprint3.Task4.V30\Tyuiu.ShanginAA.Sprint3.Task4.V30.csproj", "{F8EAB8DD-3683-48D9-BFB4-D6C504BC55A5}"
EndProject
Project("{FAE04EC0-301F-11D3-BF4B-00C04F79EFBC}") = "Tyuiu.ShanginAA.Sprint3.Task4.V30.Lib", "Tyuiu.ShanginAA.Sprint3.Task4.V30.Lib\Tyuiu.ShanginAA.Sprint3.Task4.V30.Lib.csproj", "{F0391DE2-FF7C-4234-958C-9237E6CF0DA9}"
EndProject
Project("{FAE04EC0-301F-11D3-BF4B-00C04F79EFBC}") = "Tyuiu.ShanginAA.Sprint3.Task4.V30.Test", "Tyuiu.ShanginAA.Sprint3.Task4.V30.Test\Tyuiu.ShanginAA.Sprint3.Task4.V30.Test.csproj", "{44DA2CF2-3E54-4BC8-B4A6-52F841FB3308}"
EndProject
Project("{2150E333-8FDC-42A3-9474-1A3956D46DE8}") = "Task5", "Task5", "{55B2324F-C88E-4BC7-9884-E93EEBEEAB9B}"
EndProject
Project("{FAE04EC0-301F-11D3-BF4B-00C04F79EFBC}") = "Tyuiu.ShanginAA.Sprint3.Task5.V22", "Tyuiu.ShanginAA.Sprint3.Task5.V22\Tyuiu.ShanginAA.Sprint3.Task5.V22.csproj", "{2AFF495D-DA53-423A-B47C-30DEACE71C9B}"
EndProject
Project("{FAE04EC0-301F-11D3-BF4B-00C04F79EFBC}") = "Tyuiu.ShanginAA.Sprint3.Task5.V22.Lib", "Tyuiu.ShanginAA.Sprint3.Task5.V22.Lib\Tyuiu.ShanginAA.Sprint3.Task5.V22.Lib.csproj", "{36AF7EBB-981A-4D5E-A35D-0AAFBD3F5E53}"
EndProject
Project("{FAE04EC0-301F-11D3-BF4B-00C04F79EFBC}") = "Tyuiu.ShanginAA.Sprint3.Task5.V22.Test", "Tyuiu.ShanginAA.Sprint3.Task5.V22.Test\Tyuiu.ShanginAA.Sprint3.Task5.V22.Test.csproj", "{2EE8D685-FFD5-4D5C-BB7B-7FF140F8C976}"
EndProject
Project("{2150E333-8FDC-42A3-9474-1A3956D46DE8}") = "Task6", "Task6", "{42AB3DC8-FEBF-440D-A4C7-D7901F3FC1CF}"
EndProject
Project("{FAE04EC0-301F-11D3-BF4B-00C04F79EFBC}") = "Tyuiu.ShanginAA.Sprint3.Task6.V15", "Tyuiu.ShanginAA.Sprint3.Task6.V15\Tyuiu.ShanginAA.Sprint3.Task6.V15.csproj", "{5157953D-68D8-48F3-95F3-5D18A349FB29}"
EndProject
Project("{FAE04EC0-301F-11D3-BF4B-00C04F79EFBC}") = "Tyuiu.ShanginAA.Sprint3.Task6.V15.Lib", "Tyuiu.ShanginAA.Sprint3.Task6.V15.Lib\Tyuiu.ShanginAA.Sprint3.Task6.V15.Lib.csproj", "{A9CE5D00-12DB-47D8-93F1-C8E443AEC713}"
EndProject
Project("{FAE04EC0-301F-11D3-BF4B-00C04F79EFBC}") = "Tyuiu.ShanginAA.Sprint3.Task6.V15.Test", "Tyuiu.ShanginAA.Sprint3.Task6.V15.Test\Tyuiu.ShanginAA.Sprint3.Task6.V15.Test.csproj", "{CF30AE86-A2E2-44C1-B788-84C6091A74DF}"
EndProject
Project("{2150E333-8FDC-42A3-9474-1A3956D46DE8}") = "Task7", "Task7", "{8DA75D14-514B-4E6D-915B-AFE680F17DDF}"
EndProject
Project("{FAE04EC0-301F-11D3-BF4B-00C04F79EFBC}") = "Tyuiu.ShanginAA.Sprint3.Task7.V5", "Tyuiu.ShanginAA.Sprint3.Task7.V5\Tyuiu.ShanginAA.Sprint3.Task7.V5.csproj", "{5F3A37BA-033E-45FE-8F54-189CFE8A5CEA}"
EndProject
Project("{FAE04EC0-301F-11D3-BF4B-00C04F79EFBC}") = "Tyuiu.ShanginAA.Sprint3.Task7.V5.Lib", "Tyuiu.ShanginAA.Sprint3.Task7.V5.Lib\Tyuiu.ShanginAA.Sprint3.Task7.V5.Lib.csproj", "{4A786884-9C10-43C6-9FAA-FA424B2F4F87}"
EndProject
Project("{FAE04EC0-301F-11D3-BF4B-00C04F79EFBC}") = "Tyuiu.ShanginAA.Sprint3.Task7.V5.Test", "Tyuiu.ShanginAA.Sprint3.Task7.V5.Test\Tyuiu.ShanginAA.Sprint3.Task7.V5.Test.csproj", "{588931BD-E988-45A5-9425-9180648971D0}"
EndProject
Global
	GlobalSection(SolutionConfigurationPlatforms) = preSolution
		Debug|Any CPU = Debug|Any CPU
		Release|Any CPU = Release|Any CPU
	EndGlobalSection
	GlobalSection(ProjectConfigurationPlatforms) = postSolution
		{624750B3-D652-4621-BB83-8B119370CA25}.Debug|Any CPU.ActiveCfg = Debug|Any CPU
		{624750B3-D652-4621-BB83-8B119370CA25}.Debug|Any CPU.Build.0 = Debug|Any CPU
		{624750B3-D652-4621-BB83-8B119370CA25}.Release|Any CPU.ActiveCfg = Release|Any CPU
		{624750B3-D652-4621-BB83-8B119370CA25}.Release|Any CPU.Build.0 = Release|Any CPU
		{202FB536-B383-4CCA-8DCC-718D811D404F}.Debug|Any CPU.ActiveCfg = Debug|Any CPU
		{202FB536-B383-4CCA-8DCC-718D811D404F}.Debug|Any CPU.Build.0 = Debug|Any CPU
		{202FB536-B383-4CCA-8DCC-718D811D404F}.Release|Any CPU.ActiveCfg = Release|Any CPU
		{202FB536-B383-4CCA-8DCC-718D811D404F}.Release|Any CPU.Build.0 = Release|Any CPU
		{39375C9C-64A5-4C55-A0D6-A2E26EF26EDB}.Debug|Any CPU.ActiveCfg = Debug|Any CPU
		{39375C9C-64A5-4C55-A0D6-A2E26EF26EDB}.Debug|Any CPU.Build.0 = Debug|Any CPU
		{39375C9C-64A5-4C55-A0D6-A2E26EF26EDB}.Release|Any CPU.ActiveCfg = Release|Any CPU
		{39375C9C-64A5-4C55-A0D6-A2E26EF26EDB}.Release|Any CPU.Build.0 = Release|Any CPU
		{67F2BF52-DBFC-4136-8BF0-1AA7BED3AB13}.Debug|Any CPU.ActiveCfg = Debug|Any CPU
		{67F2BF52-DBFC-4136-8BF0-1AA7BED3AB13}.Debug|Any CPU.Build.0 = Debug|Any CPU
		{67F2BF52-DBFC-4136-8BF0-1AA7BED3AB13}.Release|Any CPU.ActiveCfg = Release|Any CPU
		{67F2BF52-DBFC-4136-8BF0-1AA7BED3AB13}.Release|Any CPU.Build.0 = Release|Any CPU
		{F9F00F54-2708-4CF6-8D8E-A70E2A187410}.Debug|Any CPU.ActiveCfg = Debug|Any CPU
		{F9F00F54-2708-4CF6-8D8E-A70E2A187410}.Debug|Any CPU.Build.0 = Debug|Any CPU
		{F9F00F54-2708-4CF6-8D8E-A70E2A187410}.Release|Any CPU.ActiveCfg = Release|Any CPU
		{F9F00F54-2708-4CF6-8D8E-A70E2A187410}.Release|Any CPU.Build.0 = Release|Any CPU
		{A5F34B51-D723-47DB-9CD3-F72CA5DBBD27}.Debug|Any CPU.ActiveCfg = Debug|Any CPU
		{A5F34B51-D723-47DB-9CD3-F72CA5DBBD27}.Debug|Any CPU.Build.0 = Debug|Any CPU
		{A5F34B51-D723-47DB-9CD3-F72CA5DBBD27}.Release|Any CPU.ActiveCfg = Release|Any CPU
		{A5F34B51-D723-47DB-9CD3-F72CA5DBBD27}.Release|Any CPU.Build.0 = Release|Any CPU
		{1C9D1B2D-F0E5-404C-819F-1E4CAFE08539}.Debug|Any CPU.ActiveCfg = Debug|Any CPU
		{1C9D1B2D-F0E5-404C-819F-1E4CAFE08539}.Debug|Any CPU.Build.0 = Debug|Any CPU
		{1C9D1B2D-F0E5-404C-819F-1E4CAFE08539}.Release|Any CPU.ActiveCfg = Release|Any CPU
		{1C9D1B2D-F0E5-404C-819F-1E4CAFE08539}.Release|Any CPU.Build.0 = Release|Any CPU
		{D2F0D6E5-9342-4B32-9F26-3F4A2A86BF9C}.Debug|Any CPU.ActiveCfg = Debug|Any CPU
		{D2F0D6E5-9342-4B32-9F26-3F4A2A86BF9C}.Debug|Any CPU.Build.0 = Debug|Any CPU
		{D2F0D6E5-9342-4B32-9F26-3F4A2A86BF9C}.Release|Any CPU.ActiveCfg = Release|Any CPU
		{D2F0D6E5-9342-4B32-9F26-3F4A2A86BF9C}.Release|Any CPU.Build.0 = Release|Any CPU
		{CF0AFE3E-A0E9-4ACF-9FB1-99439A53D0BB}.Debug|Any CPU.ActiveCfg = Debug|Any CPU
		{CF0AFE3E-A0E9-4ACF-9FB1-99439A53D0BB}.Debug|Any CPU.Build.0 = Debug|Any CPU
		{CF0AFE3E-A0E9-4ACF-9FB1-99439A53D0BB}.Release|Any CPU.ActiveCfg = Release|Any CPU
		{CF0AFE3E-A0E9-4ACF-9FB1-99439A53D0BB}.Release|Any CPU.Build.0 = Release|Any CPU
		{D342CD11-505D-438C-A13C-33C71B15B0A1}.Debug|Any CPU.ActiveCfg = Debug|Any CPU
		{D342CD11-505D-438C-A13C-33C71B15B0A1}.Debug|Any CPU.Build.0 = Debug|Any CPU
		{D342CD11-505D-438C-A13C-33C71B15B0A1}.Release|Any CPU.ActiveCfg = Release|Any CPU
		{D342CD11-505D-438C-A13C-33C71B15B0A1}.Release|Any CPU.Build.0 = Release|Any CPU
		{40A1C015-C9EC-4ACE-8250-98DCCF75420D}.Debug|Any CPU.ActiveCfg = Debug|Any CPU
		{40A1C015-C9EC-4ACE-8250-98DCCF75420D}.Debug|Any CPU.Build.0 = Debug|Any CPU
		{40A1C015-C9EC-4ACE-8250-98DCCF75420D}.Release|Any CPU.ActiveCfg = Release|Any CPU
		{40A1C015-C9EC-4ACE-8250-98DCCF75420D}.Release|Any CPU.Build.0 = Release|Any CPU
		{4606F9A6-C794-485D-A724-33B1ADC41E2D}.Debug|Any CPU.ActiveCfg = Debug|Any CPU
		{4606F9A6-C794-485D-A724-33B1ADC41E2D}.Debug|Any CPU.Build.0 = Debug|Any CPU
		{4606F9A6-C794-485D-A724-33B1ADC41E2D}.Release|Any CPU.ActiveCfg = Release|Any CPU
		{4606F9A6-C794-485D-A724-33B1ADC41E2D}.Release|Any CPU.Build.0 = Release|Any CPU
		{F8EAB8DD-3683-48D9-BFB4-D6C504BC55A5}.Debug|Any CPU.ActiveCfg = Debug|Any CPU
		{F8EAB8DD-3683-48D9-BFB4-D6C504BC55A5}.Debug|Any CPU.Build.0 = Debug|Any CPU
		{F8EAB8DD-3683-48D9-BFB4-D6C504BC55A5}.Release|Any CPU.ActiveCfg = Release|Any CPU
		{F8EAB8DD-3683-48D9-BFB4-D6C504BC55A5}.Release|Any CPU.Build.0 = Release|Any CPU
		{F0391DE2-FF7C-4234-958C-9237E6CF0DA9}.Debug|Any CPU.ActiveCfg = Debug|Any CPU
		{F0391DE2-FF7C-4234-958C-9237E6CF0DA9}.Debug|Any CPU.Build.0 = Debug|Any CPU
		{F0391DE2-FF7C-4234-958C-9237E6CF0DA9}.Release|Any CPU.ActiveCfg = Release|Any CPU
		{F0391DE2-FF7C-4234-958C-9237E6CF0DA9}.Release|Any CPU.Build.0 = Release|Any CPU
		{44DA2CF2-3E54-4BC8-B4A6-52F841FB3308}.Debug|Any CPU.ActiveCfg = Debug|Any CPU
		{44DA2CF2-3E54-4BC8-B4A6-52F841FB3308}.Debug|Any CPU.Build.0 = Debug|Any CPU
		{44DA2CF2-3E54-4BC8-B4A6-52F841FB3308}.Release|Any CPU.ActiveCfg = Release|Any CPU
		{44DA2CF2-3E54-4BC8-B4A6-52F841FB3308}.Release|Any CPU.Build.0 = Release|Any CPU
		{2AFF495D-DA53-423A-B47C-30DEACE71C9B}.Debug|Any CPU.ActiveCfg = Debug|Any CPU
		{2AFF495D-DA53-423A-B47C-30DEACE71C9B}.Debug|Any CPU.Build.0 = Debug|Any CPU
		{2AFF495D-DA53-423A-B47C-30DEACE71C9B}.Release|Any CPU.ActiveCfg = Release|Any CPU
		{2AFF495D-DA53-423A-B47C-30DEACE71C9B}.Release|Any CPU.Build.0 = Release|Any CPU
		{36AF7EBB-981A-4D5E-A35D-0AAFBD3F5E53}.Debug|Any CPU.ActiveCfg = Debug|Any CPU
		{36AF7EBB-981A-4D5E-A35D-0AAFBD3F5E53}.Debug|Any CPU.Build.0 = Debug|Any CPU
		{36AF7EBB-981A-4D5E-A35D-0AAFBD3F5E53}.Release|Any CPU.ActiveCfg = Release|Any CPU
		{36AF7EBB-981A-4D5E-A35D-0AAFBD3F5E53}.Release|Any CPU.Build.0 = Release|Any CPU
		{2EE8D685-FFD5-4D5C-BB7B-7FF140F8C976}.Debug|Any CPU.ActiveCfg = Debug|Any CPU
		{2EE8D685-FFD5-4D5C-BB7B-7FF140F8C976}.Debug|Any CPU.Build.0 = Debug|Any CPU
		{2EE8D685-FFD5-4D5C-BB7B-7FF140F8C976}.Release|Any CPU.ActiveCfg = Release|Any CPU
		{2EE8D685-FFD5-4D5C-BB7B-7FF140F8C976}.Release|Any CPU.Build.0 = Release|Any CPU
		{5157953D-68D8-48F3-95F3-5D18A349FB29}.Debug|Any CPU.ActiveCfg = Debug|Any CPU
		{5157953D-68D8-48F3-95F3-5D18A349FB29}.Debug|Any CPU.Build.0 = Debug|Any CPU
		{5157953D-68D8-48F3-95F3-5D18A349FB29}.Release|Any CPU.ActiveCfg = Release|Any CPU
		{5157953D-68D8-48F3-95F3-5D18A349FB29}.Release|Any CPU.Build.0 = Release|Any CPU
		{A9CE5D00-12DB-47D8-93F1-C8E443AEC713}.Debug|Any CPU.ActiveCfg = Debug|Any CPU
		{A9CE5D00-12DB-47D8-93F1-C8E443AEC713}.Debug|Any CPU.Build.0 = Debug|Any CPU
		{A9CE5D00-12DB-47D8-93F1-C8E443AEC713}.Release|Any CPU.ActiveCfg = Release|Any CPU
		{A9CE5D00-12DB-47D8-93F1-C8E443AEC713}.Release|Any CPU.Build.0 = Release|Any CPU
		{CF30AE86-A2E2-44C1-B788-84C6091A74DF}.Debug|Any CPU.ActiveCfg = Debug|Any CPU
		{CF30AE86-A2E2-44C1-B788-84C6091A74DF}.Debug|Any CPU.Build.0 = Debug|Any CPU
		{CF30AE86-A2E2-44C1-B788-84C6091A74DF}.Release|Any CPU.ActiveCfg = Release|Any CPU
		{CF30AE86-A2E2-44C1-B788-84C6091A74DF}.Release|Any CPU.Build.0 = Release|Any CPU
		{5F3A37BA-033E-45FE-8F54-189CFE8A5CEA}.Debug|Any CPU.ActiveCfg = Debug|Any CPU
		{5F3A37BA-033E-45FE-8F54-189CFE8A5CEA}.Debug|Any CPU.Build.0 = Debug|Any CPU
		{5F3A37BA-033E-45FE-8F54-189CFE8A5CEA}.Release|Any CPU.ActiveCfg = Release|Any CPU
		{5F3A37BA-033E-45FE-8F54-189CFE8A5CEA}.Release|Any CPU.Build.0 = Release|Any CPU
		{4A786884-9C10-43C6-9FAA-FA424B2F4F87}.Debug|Any CPU.ActiveCfg = Debug|Any CPU
		{4A786884-9C10-43C6-9FAA-FA424B2F4F87}.Debug|Any CPU.Build.0 = Debug|Any CPU
		{4A786884-9C10-43C6-9FAA-FA424B2F4F87}.Release|Any CPU.ActiveCfg = Release|Any CPU
		{4A786884-9C10-43C6-9FAA-FA424B2F4F87}.Release|Any CPU.Build.0 = Release|Any CPU
		{588931BD-E988-45A5-9425-9180648971D0}.Debug|Any CPU.ActiveCfg = Debug|Any CPU
		{588931BD-E988-45A5-9425-9180648971D0}.Debug|Any CPU.Build.0 = Debug|Any CPU
		{588931BD-E988-45A5-9425-9180648971D0}.Release|Any CPU.ActiveCfg = Release|Any CPU
		{588931BD-E988-45A5-9425-9180648971D0}.Release|Any CPU.Build.0 = Release|Any CPU
	EndGlobalSection
	GlobalSection(SolutionProperties) = preSolution
		HideSolutionNode = FALSE
	EndGlobalSection
	GlobalSection(NestedProjects) = preSolution
		{624750B3-D652-4621-BB83-8B119370CA25} = {48F08109-FD23-41DB-8B13-F6889579A75B}
		{202FB536-B383-4CCA-8DCC-718D811D404F} = {48F08109-FD23-41DB-8B13-F6889579A75B}
		{39375C9C-64A5-4C55-A0D6-A2E26EF26EDB} = {48F08109-FD23-41DB-8B13-F6889579A75B}
		{67F2BF52-DBFC-4136-8BF0-1AA7BED3AB13} = {C0A4957F-93E1-4028-A56E-12956C7C67D4}
		{F9F00F54-2708-4CF6-8D8E-A70E2A187410} = {C0A4957F-93E1-4028-A56E-12956C7C67D4}
		{A5F34B51-D723-47DB-9CD3-F72CA5DBBD27} = {C0A4957F-93E1-4028-A56E-12956C7C67D4}
		{1C9D1B2D-F0E5-404C-819F-1E4CAFE08539} = {168461B6-9374-420D-80B7-A00746567CA7}
		{D2F0D6E5-9342-4B32-9F26-3F4A2A86BF9C} = {168461B6-9374-420D-80B7-A00746567CA7}
		{CF0AFE3E-A0E9-4ACF-9FB1-99439A53D0BB} = {168461B6-9374-420D-80B7-A00746567CA7}
		{D342CD11-505D-438C-A13C-33C71B15B0A1} = {FA696DD4-B903-4B46-ACCF-9F1B2C01AA45}
		{40A1C015-C9EC-4ACE-8250-98DCCF75420D} = {FA696DD4-B903-4B46-ACCF-9F1B2C01AA45}
		{4606F9A6-C794-485D-A724-33B1ADC41E2D} = {FA696DD4-B903-4B46-ACCF-9F1B2C01AA45}
		{F8EAB8DD-3683-48D9-BFB4-D6C504BC55A5} = {4348827D-1C7C-4089-A975-91BDB38A785B}
		{F0391DE2-FF7C-4234-958C-9237E6CF0DA9} = {4348827D-1C7C-4089-A975-91BDB38A785B}
		{44DA2CF2-3E54-4BC8-B4A6-52F841FB3308} = {4348827D-1C7C-4089-A975-91BDB38A785B}
		{2AFF495D-DA53-423A-B47C-30DEACE71C9B} = {55B2324F-C88E-4BC7-9884-E93EEBEEAB9B}
		{36AF7EBB-981A-4D5E-A35D-0AAFBD3F5E53} = {55B2324F-C88E-4BC7-9884-E93EEBEEAB9B}
		{2EE8D685-FFD5-4D5C-BB7B-7FF140F8C976} = {55B2324F-C88E-4BC7-9884-E93EEBEEAB9B}
		{5157953D-68D8-48F3-95F3-5D18A349FB29} = {42AB3DC8-FEBF-440D-A4C7-D7901F3FC1CF}
		{A9CE5D00-12DB-47D8-93F1-C8E443AEC713} = {42AB3DC8-FEBF-440D-A4C7-D7901F3FC1CF}
		{CF30AE86-A2E2-44C1-B788-84C6091A74DF} = {42AB3DC8-FEBF-440D-A4C7-D7901F3FC1CF}
		{5F3A37BA-033E-45FE-8F54-189CFE8A5CEA} = {8DA75D14-514B-4E6D-915B-AFE680F17DDF}
		{4A786884-9C10-43C6-9FAA-FA424B2F4F87} = {8DA75D14-514B-4E6D-915B-AFE680F17DDF}
		{588931BD-E988-45A5-9425-9180648971D0} = {8DA75D14-514B-4E6D-915B-AFE680F17DDF}
	EndGlobalSection
	GlobalSection(ExtensibilityGlobals) = postSolution
		SolutionGuid = {5EE74A26-19D2-4DD2-80FD-2F1CC42F5910}
	EndGlobalSection
EndGlobal
